
Microsoft Visual Studio Solution File, Format Version 12.00
# Visual Studio Version 16
VisualStudioVersion = 16.0.30717.126
MinimumVisualStudioVersion = 10.0.40219.1
Project("{FAE04EC0-301F-11D3-BF4B-00C04F79EFBC}") = "XGame.Domain", "XGame.Domain\XGame.Domain.csproj", "{23093B0D-1506-411A-BC69-431904555E1E}"
EndProject
Project("{FAE04EC0-301F-11D3-BF4B-00C04F79EFBC}") = "XGame.AppConsole", "XGame.AppConsole\XGame.AppConsole.csproj", "{2866D042-17D1-4F35-BE2E-26785B4495F3}"
EndProject
Project("{FAE04EC0-301F-11D3-BF4B-00C04F79EFBC}") = "XGame.Infrastructure", "XGame.Infrastructure\XGame.Infrastructure.csproj", "{C182C61E-92CE-496B-A1A0-1E06C07091A7}"
EndProject
Global
	GlobalSection(SolutionConfigurationPlatforms) = preSolution
		Debug|Any CPU = Debug|Any CPU
		Release|Any CPU = Release|Any CPU
	EndGlobalSection
	GlobalSection(ProjectConfigurationPlatforms) = postSolution
		{23093B0D-1506-411A-BC69-431904555E1E}.Debug|Any CPU.ActiveCfg = Debug|Any CPU
		{23093B0D-1506-411A-BC69-431904555E1E}.Debug|Any CPU.Build.0 = Debug|Any CPU
		{23093B0D-1506-411A-BC69-431904555E1E}.Release|Any CPU.ActiveCfg = Release|Any CPU
		{23093B0D-1506-411A-BC69-431904555E1E}.Release|Any CPU.Build.0 = Release|Any CPU
		{2866D042-17D1-4F35-BE2E-26785B4495F3}.Debug|Any CPU.ActiveCfg = Debug|Any CPU
		{2866D042-17D1-4F35-BE2E-26785B4495F3}.Debug|Any CPU.Build.0 = Debug|Any CPU
		{2866D042-17D1-4F35-BE2E-26785B4495F3}.Release|Any CPU.ActiveCfg = Release|Any CPU
		{2866D042-17D1-4F35-BE2E-26785B4495F3}.Release|Any CPU.Build.0 = Release|Any CPU
		{C182C61E-92CE-496B-A1A0-1E06C07091A7}.Debug|Any CPU.ActiveCfg = Debug|Any CPU
		{C182C61E-92CE-496B-A1A0-1E06C07091A7}.Debug|Any CPU.Build.0 = Debug|Any CPU
		{C182C61E-92CE-496B-A1A0-1E06C07091A7}.Release|Any CPU.ActiveCfg = Release|Any CPU
		{C182C61E-92CE-496B-A1A0-1E06C07091A7}.Release|Any CPU.Build.0 = Release|Any CPU
	EndGlobalSection
	GlobalSection(SolutionProperties) = preSolution
		HideSolutionNode = FALSE
	EndGlobalSection
	GlobalSection(ExtensibilityGlobals) = postSolution
		SolutionGuid = {98778CB8-C9F4-4C86-ABF2-6700EFA083C5}
	EndGlobalSection
EndGlobal
